
Microsoft Visual Studio Solution File, Format Version 12.00
# Visual Studio 15
VisualStudioVersion = 15.0.27428.2037
MinimumVisualStudioVersion = 10.0.40219.1
Project("{262852C6-CD72-467D-83FE-5EEB1973A190}") = "SheetFilter", "SheetFilter.jsproj", "{4C124943-5DB0-46B4-8A4E-116206630D4B}"
EndProject
Global
	GlobalSection(SolutionConfigurationPlatforms) = preSolution
		Debug|Android = Debug|Android
		Debug|iOS = Debug|iOS
		Debug|Windows-ARM = Debug|Windows-ARM
		Debug|Windows-x64 = Debug|Windows-x64
		Debug|Windows-x86 = Debug|Windows-x86
		Release|Android = Release|Android
		Release|iOS = Release|iOS
		Release|Windows-ARM = Release|Windows-ARM
		Release|Windows-x64 = Release|Windows-x64
		Release|Windows-x86 = Release|Windows-x86
	EndGlobalSection
	GlobalSection(ProjectConfigurationPlatforms) = postSolution
		{4C124943-5DB0-46B4-8A4E-116206630D4B}.Debug|Android.ActiveCfg = Debug|Android
		{4C124943-5DB0-46B4-8A4E-116206630D4B}.Debug|Android.Build.0 = Debug|Android
		{4C124943-5DB0-46B4-8A4E-116206630D4B}.Debug|Android.Deploy.0 = Debug|Android
		{4C124943-5DB0-46B4-8A4E-116206630D4B}.Debug|iOS.ActiveCfg = Debug|iOS
		{4C124943-5DB0-46B4-8A4E-116206630D4B}.Debug|iOS.Build.0 = Debug|iOS
		{4C124943-5DB0-46B4-8A4E-116206630D4B}.Debug|iOS.Deploy.0 = Debug|iOS
		{4C124943-5DB0-46B4-8A4E-116206630D4B}.Debug|Windows-ARM.ActiveCfg = Debug|Windows-ARM
		{4C124943-5DB0-46B4-8A4E-116206630D4B}.Debug|Windows-ARM.Build.0 = Debug|Windows-ARM
		{4C124943-5DB0-46B4-8A4E-116206630D4B}.Debug|Windows-ARM.Deploy.0 = Debug|Windows-ARM
		{4C124943-5DB0-46B4-8A4E-116206630D4B}.Debug|Windows-x64.ActiveCfg = Debug|Windows-x64
		{4C124943-5DB0-46B4-8A4E-116206630D4B}.Debug|Windows-x64.Build.0 = Debug|Windows-x64
		{4C124943-5DB0-46B4-8A4E-116206630D4B}.Debug|Windows-x64.Deploy.0 = Debug|Windows-x64
		{4C124943-5DB0-46B4-8A4E-116206630D4B}.Debug|Windows-x86.ActiveCfg = Debug|Windows-x86
		{4C124943-5DB0-46B4-8A4E-116206630D4B}.Debug|Windows-x86.Build.0 = Debug|Windows-x86
		{4C124943-5DB0-46B4-8A4E-116206630D4B}.Debug|Windows-x86.Deploy.0 = Debug|Windows-x86
		{4C124943-5DB0-46B4-8A4E-116206630D4B}.Release|Android.ActiveCfg = Release|Android
		{4C124943-5DB0-46B4-8A4E-116206630D4B}.Release|Android.Build.0 = Release|Android
		{4C124943-5DB0-46B4-8A4E-116206630D4B}.Release|Android.Deploy.0 = Release|Android
		{4C124943-5DB0-46B4-8A4E-116206630D4B}.Release|iOS.ActiveCfg = Release|iOS
		{4C124943-5DB0-46B4-8A4E-116206630D4B}.Release|iOS.Build.0 = Release|iOS
		{4C124943-5DB0-46B4-8A4E-116206630D4B}.Release|iOS.Deploy.0 = Release|iOS
		{4C124943-5DB0-46B4-8A4E-116206630D4B}.Release|Windows-ARM.ActiveCfg = Release|Windows-ARM
		{4C124943-5DB0-46B4-8A4E-116206630D4B}.Release|Windows-ARM.Build.0 = Release|Windows-ARM
		{4C124943-5DB0-46B4-8A4E-116206630D4B}.Release|Windows-ARM.Deploy.0 = Release|Windows-ARM
		{4C124943-5DB0-46B4-8A4E-116206630D4B}.Release|Windows-x64.ActiveCfg = Release|Windows-x64
		{4C124943-5DB0-46B4-8A4E-116206630D4B}.Release|Windows-x64.Build.0 = Release|Windows-x64
		{4C124943-5DB0-46B4-8A4E-116206630D4B}.Release|Windows-x64.Deploy.0 = Release|Windows-x64
		{4C124943-5DB0-46B4-8A4E-116206630D4B}.Release|Windows-x86.ActiveCfg = Release|Windows-x86
		{4C124943-5DB0-46B4-8A4E-116206630D4B}.Release|Windows-x86.Build.0 = Release|Windows-x86
		{4C124943-5DB0-46B4-8A4E-116206630D4B}.Release|Windows-x86.Deploy.0 = Release|Windows-x86
	EndGlobalSection
	GlobalSection(SolutionProperties) = preSolution
		HideSolutionNode = FALSE
	EndGlobalSection
	GlobalSection(ExtensibilityGlobals) = postSolution
		SolutionGuid = {1F0A234B-38EB-49FA-86AE-B9BB8B274D09}
	EndGlobalSection
EndGlobal
